
Microsoft Visual Studio Solution File, Format Version 12.00
# Visual Studio Version 17
VisualStudioVersion = 17.3.32901.215
MinimumVisualStudioVersion = 10.0.40219.1
Project("{8BC9CEB8-8B4A-11D0-8D11-00A0C91BC942}") = "palindroma", "palindroma.vcxproj", "{F165A235-E311-48A6-832A-B1CF29375897}"
EndProject
Global
	GlobalSection(SolutionConfigurationPlatforms) = preSolution
		Debug|x64 = Debug|x64
		Debug|x86 = Debug|x86
		Release|x64 = Release|x64
		Release|x86 = Release|x86
	EndGlobalSection
	GlobalSection(ProjectConfigurationPlatforms) = postSolution
		{F165A235-E311-48A6-832A-B1CF29375897}.Debug|x64.ActiveCfg = Debug|x64
		{F165A235-E311-48A6-832A-B1CF29375897}.Debug|x64.Build.0 = Debug|x64
		{F165A235-E311-48A6-832A-B1CF29375897}.Debug|x86.ActiveCfg = Debug|Win32
		{F165A235-E311-48A6-832A-B1CF29375897}.Debug|x86.Build.0 = Debug|Win32
		{F165A235-E311-48A6-832A-B1CF29375897}.Release|x64.ActiveCfg = Release|x64
		{F165A235-E311-48A6-832A-B1CF29375897}.Release|x64.Build.0 = Release|x64
		{F165A235-E311-48A6-832A-B1CF29375897}.Release|x86.ActiveCfg = Release|Win32
		{F165A235-E311-48A6-832A-B1CF29375897}.Release|x86.Build.0 = Release|Win32
	EndGlobalSection
	GlobalSection(SolutionProperties) = preSolution
		HideSolutionNode = FALSE
	EndGlobalSection
	GlobalSection(ExtensibilityGlobals) = postSolution
		SolutionGuid = {1F018C46-1DBE-4DC9-9ACA-171D9B39C7DB}
	EndGlobalSection
EndGlobal
